
Microsoft Visual Studio Solution File, Format Version 12.00
# Visual Studio Version 18
VisualStudioVersion = 18.0.11018.127
MinimumVisualStudioVersion = 10.0.40219.1
Project("{FAE04EC0-301F-11D3-BF4B-00C04F79EFBC}") = "BeeHive.Domain", "web\BeeHive.Domain\BeeHive.Domain.csproj", "{C68BE888-076D-442A-BF1C-0F7998CC2296}"
EndProject
Project("{2150E333-8FDC-42A3-9474-1A3956D46DE8}") = "Core", "Core", "{02EA681E-C7D8-13C7-8484-4AC65E1B71E8}"
EndProject
Project("{FAE04EC0-301F-11D3-BF4B-00C04F79EFBC}") = "Core.Domain", "web\Core.Domain\Core.Domain.csproj", "{20EBF6A3-56C0-4C99-8FCC-5E8FE7B09FA6}"
EndProject
Project("{FAE04EC0-301F-11D3-BF4B-00C04F79EFBC}") = "BeeHive.Infra", "web\BeeHive.Infra\BeeHive.Infra.csproj", "{6EBB3E40-97B8-4768-8424-2CFBD842449E}"
EndProject
Project("{FAE04EC0-301F-11D3-BF4B-00C04F79EFBC}") = "BeeHive.App", "web\BeeHive.App\BeeHive.App.csproj", "{A736BA7E-FF85-4C13-A805-8637E62899F2}"
EndProject
Project("{FAE04EC0-301F-11D3-BF4B-00C04F79EFBC}") = "Core.Infra", "web\Core.Infra\Core.Infra.csproj", "{AE0C9D36-B55B-43D9-B160-5F6DBD72351D}"
EndProject
Project("{FAE04EC0-301F-11D3-BF4B-00C04F79EFBC}") = "Core.App", "web\Core.App\Core.App.csproj", "{9D7CE1DC-F19B-BBFB-0F7C-38FFAB657C3D}"
EndProject
Project("{2150E333-8FDC-42A3-9474-1A3956D46DE8}") = "Utils", "Utils", "{9F54737C-33B8-4402-B5A5-9BDA5A98B68C}"
EndProject
Project("{FAE04EC0-301F-11D3-BF4B-00C04F79EFBC}") = "EfMigrationTools", "web\EfMigrationTools\EfMigrationTools.csproj", "{4831E649-9161-4953-A5CE-D3038CBF7CF3}"
EndProject
Project("{FAE04EC0-301F-11D3-BF4B-00C04F79EFBC}") = "Core.Contract", "web\Core.Contract\Core.Contract.csproj", "{D3F30BBB-5D6F-40D9-BCBB-7D7D726E650A}"
EndProject
Project("{FAE04EC0-301F-11D3-BF4B-00C04F79EFBC}") = "BeeHive.Contract", "web\BeeHive.Contract\BeeHive.Contract.csproj", "{914639BD-31F0-4109-A112-E1BD1501D2C5}"
EndProject
Project("{2150E333-8FDC-42A3-9474-1A3956D46DE8}") = "Tests", "Tests", "{21BC69C9-0EBA-4F18-B1B8-9204581015EB}"
EndProject
Project("{FAE04EC0-301F-11D3-BF4B-00C04F79EFBC}") = "BeeHive.Domain.Tests", "web\BeeHive.Domain.Tests\BeeHive.Domain.Tests.csproj", "{441BCCC3-5187-EB79-D101-44A956BAF286}"
EndProject
Project("{2150E333-8FDC-42A3-9474-1A3956D46DE8}") = "Cloud", "Cloud", "{3F64D3D1-547A-479B-B549-E86C1C5611BD}"
EndProject
Project("{FAE04EC0-301F-11D3-BF4B-00C04F79EFBC}") = "ComDemo", "ComDemo\ComDemo.csproj", "{EAFE31F6-1DF5-4AC7-B131-540FA38FEEFA}"
EndProject
Project("{2150E333-8FDC-42A3-9474-1A3956D46DE8}") = "Demo", "Demo", "{EDCC1C75-161E-4B65-839D-191C1C068768}"
EndProject
Project("{FAE04EC0-301F-11D3-BF4B-00C04F79EFBC}") = "BeeHive.Cloud.Service", "web\BeeHive.Cloud.Service\BeeHive.Cloud.Service\BeeHive.Cloud.Service.csproj", "{667FE603-7BC7-408C-B983-5018F8EA7882}"
EndProject
Project("{FAE04EC0-301F-11D3-BF4B-00C04F79EFBC}") = "BeeHive.Cloud.Service.Client", "web\BeeHive.Cloud.Service\BeeHive.Cloud.Service.Client\BeeHive.Cloud.Service.Client.csproj", "{04AD9E00-BD8E-43B7-B9B5-0D6F7A366CF6}"
EndProject
Project("{FAE04EC0-301F-11D3-BF4B-00C04F79EFBC}") = "Hive.Gateway.Service", "web\Hive.Gateway.Service\Hive.Gateway.Service.csproj", "{7BBB63BA-E0DB-4A97-9097-A309848D01A1}"
EndProject
Project("{FAE04EC0-301F-11D3-BF4B-00C04F79EFBC}") = "BeeHive.Client.Shared", "web\BeeHive.Cloud.Service\BeeHive.Client.Shared\BeeHive.Client.Shared.csproj", "{904BBDC7-6223-48B0-86CB-57CEF3DE4D24}"
EndProject
Project("{2150E333-8FDC-42A3-9474-1A3956D46DE8}") = "Database", "Database", "{D3BC98C4-5A20-4397-BAFC-FB37518C5429}"
EndProject
Project("{FAE04EC0-301F-11D3-BF4B-00C04F79EFBC}") = "BeeHive.Infra.Sqlite", "web\BeeHive.Infra.Sqlite\BeeHive.Infra.Sqlite.csproj", "{B2707824-7A37-4EFB-8CF1-D73E3C672D5F}"
EndProject
Project("{FAE04EC0-301F-11D3-BF4B-00C04F79EFBC}") = "BeeHive.Infra.Postgres", "web\BeeHive.Infra.Postgres\BeeHive.Infra.Postgres.csproj", "{B616B8B4-4B82-4692-A62F-658795351D85}"
EndProject
Global
	GlobalSection(SolutionConfigurationPlatforms) = preSolution
		Debug|Any CPU = Debug|Any CPU
		Release|Any CPU = Release|Any CPU
	EndGlobalSection
	GlobalSection(ProjectConfigurationPlatforms) = postSolution
		{C68BE888-076D-442A-BF1C-0F7998CC2296}.Debug|Any CPU.ActiveCfg = Debug|Any CPU
		{C68BE888-076D-442A-BF1C-0F7998CC2296}.Debug|Any CPU.Build.0 = Debug|Any CPU
		{C68BE888-076D-442A-BF1C-0F7998CC2296}.Release|Any CPU.ActiveCfg = Release|Any CPU
		{C68BE888-076D-442A-BF1C-0F7998CC2296}.Release|Any CPU.Build.0 = Release|Any CPU
		{20EBF6A3-56C0-4C99-8FCC-5E8FE7B09FA6}.Debug|Any CPU.ActiveCfg = Debug|Any CPU
		{20EBF6A3-56C0-4C99-8FCC-5E8FE7B09FA6}.Debug|Any CPU.Build.0 = Debug|Any CPU
		{20EBF6A3-56C0-4C99-8FCC-5E8FE7B09FA6}.Release|Any CPU.ActiveCfg = Release|Any CPU
		{20EBF6A3-56C0-4C99-8FCC-5E8FE7B09FA6}.Release|Any CPU.Build.0 = Release|Any CPU
		{6EBB3E40-97B8-4768-8424-2CFBD842449E}.Debug|Any CPU.ActiveCfg = Debug|Any CPU
		{6EBB3E40-97B8-4768-8424-2CFBD842449E}.Debug|Any CPU.Build.0 = Debug|Any CPU
		{6EBB3E40-97B8-4768-8424-2CFBD842449E}.Release|Any CPU.ActiveCfg = Release|Any CPU
		{6EBB3E40-97B8-4768-8424-2CFBD842449E}.Release|Any CPU.Build.0 = Release|Any CPU
		{A736BA7E-FF85-4C13-A805-8637E62899F2}.Debug|Any CPU.ActiveCfg = Debug|Any CPU
		{A736BA7E-FF85-4C13-A805-8637E62899F2}.Debug|Any CPU.Build.0 = Debug|Any CPU
		{A736BA7E-FF85-4C13-A805-8637E62899F2}.Release|Any CPU.ActiveCfg = Release|Any CPU
		{A736BA7E-FF85-4C13-A805-8637E62899F2}.Release|Any CPU.Build.0 = Release|Any CPU
		{AE0C9D36-B55B-43D9-B160-5F6DBD72351D}.Debug|Any CPU.ActiveCfg = Debug|Any CPU
		{AE0C9D36-B55B-43D9-B160-5F6DBD72351D}.Debug|Any CPU.Build.0 = Debug|Any CPU
		{AE0C9D36-B55B-43D9-B160-5F6DBD72351D}.Release|Any CPU.ActiveCfg = Release|Any CPU
		{AE0C9D36-B55B-43D9-B160-5F6DBD72351D}.Release|Any CPU.Build.0 = Release|Any CPU
		{9D7CE1DC-F19B-BBFB-0F7C-38FFAB657C3D}.Debug|Any CPU.ActiveCfg = Debug|Any CPU
		{9D7CE1DC-F19B-BBFB-0F7C-38FFAB657C3D}.Debug|Any CPU.Build.0 = Debug|Any CPU
		{9D7CE1DC-F19B-BBFB-0F7C-38FFAB657C3D}.Release|Any CPU.ActiveCfg = Release|Any CPU
		{9D7CE1DC-F19B-BBFB-0F7C-38FFAB657C3D}.Release|Any CPU.Build.0 = Release|Any CPU
		{4831E649-9161-4953-A5CE-D3038CBF7CF3}.Debug|Any CPU.ActiveCfg = Debug|Any CPU
		{4831E649-9161-4953-A5CE-D3038CBF7CF3}.Debug|Any CPU.Build.0 = Debug|Any CPU
		{4831E649-9161-4953-A5CE-D3038CBF7CF3}.Release|Any CPU.ActiveCfg = Release|Any CPU
		{4831E649-9161-4953-A5CE-D3038CBF7CF3}.Release|Any CPU.Build.0 = Release|Any CPU
		{D3F30BBB-5D6F-40D9-BCBB-7D7D726E650A}.Debug|Any CPU.ActiveCfg = Debug|Any CPU
		{D3F30BBB-5D6F-40D9-BCBB-7D7D726E650A}.Debug|Any CPU.Build.0 = Debug|Any CPU
		{D3F30BBB-5D6F-40D9-BCBB-7D7D726E650A}.Release|Any CPU.ActiveCfg = Release|Any CPU
		{D3F30BBB-5D6F-40D9-BCBB-7D7D726E650A}.Release|Any CPU.Build.0 = Release|Any CPU
		{914639BD-31F0-4109-A112-E1BD1501D2C5}.Debug|Any CPU.ActiveCfg = Debug|Any CPU
		{914639BD-31F0-4109-A112-E1BD1501D2C5}.Debug|Any CPU.Build.0 = Debug|Any CPU
		{914639BD-31F0-4109-A112-E1BD1501D2C5}.Release|Any CPU.ActiveCfg = Release|Any CPU
		{914639BD-31F0-4109-A112-E1BD1501D2C5}.Release|Any CPU.Build.0 = Release|Any CPU
		{441BCCC3-5187-EB79-D101-44A956BAF286}.Debug|Any CPU.ActiveCfg = Debug|Any CPU
		{441BCCC3-5187-EB79-D101-44A956BAF286}.Debug|Any CPU.Build.0 = Debug|Any CPU
		{441BCCC3-5187-EB79-D101-44A956BAF286}.Release|Any CPU.ActiveCfg = Release|Any CPU
		{441BCCC3-5187-EB79-D101-44A956BAF286}.Release|Any CPU.Build.0 = Release|Any CPU
		{EAFE31F6-1DF5-4AC7-B131-540FA38FEEFA}.Debug|Any CPU.ActiveCfg = Debug|Any CPU
		{EAFE31F6-1DF5-4AC7-B131-540FA38FEEFA}.Debug|Any CPU.Build.0 = Debug|Any CPU
		{EAFE31F6-1DF5-4AC7-B131-540FA38FEEFA}.Release|Any CPU.ActiveCfg = Release|Any CPU
		{EAFE31F6-1DF5-4AC7-B131-540FA38FEEFA}.Release|Any CPU.Build.0 = Release|Any CPU
		{667FE603-7BC7-408C-B983-5018F8EA7882}.Debug|Any CPU.ActiveCfg = Debug|Any CPU
		{667FE603-7BC7-408C-B983-5018F8EA7882}.Debug|Any CPU.Build.0 = Debug|Any CPU
		{667FE603-7BC7-408C-B983-5018F8EA7882}.Release|Any CPU.ActiveCfg = Release|Any CPU
		{667FE603-7BC7-408C-B983-5018F8EA7882}.Release|Any CPU.Build.0 = Release|Any CPU
		{04AD9E00-BD8E-43B7-B9B5-0D6F7A366CF6}.Debug|Any CPU.ActiveCfg = Debug|Any CPU
		{04AD9E00-BD8E-43B7-B9B5-0D6F7A366CF6}.Debug|Any CPU.Build.0 = Debug|Any CPU
		{04AD9E00-BD8E-43B7-B9B5-0D6F7A366CF6}.Release|Any CPU.ActiveCfg = Release|Any CPU
		{04AD9E00-BD8E-43B7-B9B5-0D6F7A366CF6}.Release|Any CPU.Build.0 = Release|Any CPU
		{7BBB63BA-E0DB-4A97-9097-A309848D01A1}.Debug|Any CPU.ActiveCfg = Debug|Any CPU
		{7BBB63BA-E0DB-4A97-9097-A309848D01A1}.Debug|Any CPU.Build.0 = Debug|Any CPU
		{7BBB63BA-E0DB-4A97-9097-A309848D01A1}.Release|Any CPU.ActiveCfg = Release|Any CPU
		{7BBB63BA-E0DB-4A97-9097-A309848D01A1}.Release|Any CPU.Build.0 = Release|Any CPU
		{904BBDC7-6223-48B0-86CB-57CEF3DE4D24}.Debug|Any CPU.ActiveCfg = Debug|Any CPU
		{904BBDC7-6223-48B0-86CB-57CEF3DE4D24}.Debug|Any CPU.Build.0 = Debug|Any CPU
		{904BBDC7-6223-48B0-86CB-57CEF3DE4D24}.Release|Any CPU.ActiveCfg = Release|Any CPU
		{904BBDC7-6223-48B0-86CB-57CEF3DE4D24}.Release|Any CPU.Build.0 = Release|Any CPU
		{B2707824-7A37-4EFB-8CF1-D73E3C672D5F}.Debug|Any CPU.ActiveCfg = Debug|Any CPU
		{B2707824-7A37-4EFB-8CF1-D73E3C672D5F}.Debug|Any CPU.Build.0 = Debug|Any CPU
		{B2707824-7A37-4EFB-8CF1-D73E3C672D5F}.Release|Any CPU.ActiveCfg = Release|Any CPU
		{B2707824-7A37-4EFB-8CF1-D73E3C672D5F}.Release|Any CPU.Build.0 = Release|Any CPU
		{B616B8B4-4B82-4692-A62F-658795351D85}.Debug|Any CPU.ActiveCfg = Debug|Any CPU
		{B616B8B4-4B82-4692-A62F-658795351D85}.Debug|Any CPU.Build.0 = Debug|Any CPU
		{B616B8B4-4B82-4692-A62F-658795351D85}.Release|Any CPU.ActiveCfg = Release|Any CPU
		{B616B8B4-4B82-4692-A62F-658795351D85}.Release|Any CPU.Build.0 = Release|Any CPU
	EndGlobalSection
	GlobalSection(SolutionProperties) = preSolution
		HideSolutionNode = FALSE
	EndGlobalSection
	GlobalSection(NestedProjects) = preSolution
		{20EBF6A3-56C0-4C99-8FCC-5E8FE7B09FA6} = {02EA681E-C7D8-13C7-8484-4AC65E1B71E8}
		{AE0C9D36-B55B-43D9-B160-5F6DBD72351D} = {02EA681E-C7D8-13C7-8484-4AC65E1B71E8}
		{9D7CE1DC-F19B-BBFB-0F7C-38FFAB657C3D} = {02EA681E-C7D8-13C7-8484-4AC65E1B71E8}
		{4831E649-9161-4953-A5CE-D3038CBF7CF3} = {9F54737C-33B8-4402-B5A5-9BDA5A98B68C}
		{D3F30BBB-5D6F-40D9-BCBB-7D7D726E650A} = {02EA681E-C7D8-13C7-8484-4AC65E1B71E8}
		{441BCCC3-5187-EB79-D101-44A956BAF286} = {21BC69C9-0EBA-4F18-B1B8-9204581015EB}
		{EAFE31F6-1DF5-4AC7-B131-540FA38FEEFA} = {EDCC1C75-161E-4B65-839D-191C1C068768}
		{667FE603-7BC7-408C-B983-5018F8EA7882} = {3F64D3D1-547A-479B-B549-E86C1C5611BD}
		{04AD9E00-BD8E-43B7-B9B5-0D6F7A366CF6} = {3F64D3D1-547A-479B-B549-E86C1C5611BD}
		{904BBDC7-6223-48B0-86CB-57CEF3DE4D24} = {3F64D3D1-547A-479B-B549-E86C1C5611BD}
		{B2707824-7A37-4EFB-8CF1-D73E3C672D5F} = {D3BC98C4-5A20-4397-BAFC-FB37518C5429}
		{B616B8B4-4B82-4692-A62F-658795351D85} = {D3BC98C4-5A20-4397-BAFC-FB37518C5429}
	EndGlobalSection
	GlobalSection(ExtensibilityGlobals) = postSolution
		SolutionGuid = {99ECA732-8C7C-4E3E-A0FC-48A5731CEF21}
	EndGlobalSection
EndGlobal
